
Microsoft Visual Studio Solution File, Format Version 12.00
# Visual Studio Version 17
VisualStudioVersion = 17.14.36203.30
MinimumVisualStudioVersion = 10.0.40219.1
Project("{FAE04EC0-301F-11D3-BF4B-00C04F79EFBC}") = "RepFabric.Api", "RepFabric.Api\RepFabric.Api.csproj", "{ED90A584-F0B8-4023-A8E7-43C1A03518D0}"
EndProject
Project("{FAE04EC0-301F-11D3-BF4B-00C04F79EFBC}") = "RepFabric.Api.Models", "RepFabric.Api.Models\RepFabric.Api.Models.csproj", "{77340189-7C7B-49EF-A9CB-A5EE5C222F19}"
EndProject
Project("{FAE04EC0-301F-11D3-BF4B-00C04F79EFBC}") = "RepFabric.Api.BL", "RepFabric.Api.BL\RepFabric.Api.BL.csproj", "{AB1D1C5C-7DE2-4172-B0BD-386D4697F15B}"
EndProject
Project("{FAE04EC0-301F-11D3-BF4B-00C04F79EFBC}") = "RepFabric.Api.Tests", "RepFabric.Api.Tests\RepFabric.Api.Tests.csproj", "{0A7C5F2A-112B-4ED7-B46C-B9562D139981}"
EndProject
Project("{FAE04EC0-301F-11D3-BF4B-00C04F79EFBC}") = "FillTemplateLambda", "FillTemplateLambda\FillTemplateLambda.csproj", "{AA150BFC-3A81-54B8-7DA5-16A8315D3FA6}"
EndProject
Project("{FAE04EC0-301F-11D3-BF4B-00C04F79EFBC}") = "TemplateUploadLambda", "TemplateUploadLambda\TemplateUploadLambda.csproj", "{FE07451A-A36C-D137-6E1D-DCE89721D5B2}"
EndProject
Project("{2150E333-8FDC-42A3-9474-1A3956D46DE8}") = "Lambdas", "Lambdas", "{02EA681E-C7D8-13C7-8484-4AC65E1B71E8}"
EndProject
Project("{FAE04EC0-301F-11D3-BF4B-00C04F79EFBC}") = "TemplateMappingLambda", "TemplateMappingLambda\TemplateMappingLambda.csproj", "{6F41DE8C-D44C-7B0C-BA44-EC5179A0E005}"
EndProject
Global
	GlobalSection(SolutionConfigurationPlatforms) = preSolution
		Debug|Any CPU = Debug|Any CPU
		Release|Any CPU = Release|Any CPU
	EndGlobalSection
	GlobalSection(ProjectConfigurationPlatforms) = postSolution
		{ED90A584-F0B8-4023-A8E7-43C1A03518D0}.Debug|Any CPU.ActiveCfg = Debug|Any CPU
		{ED90A584-F0B8-4023-A8E7-43C1A03518D0}.Debug|Any CPU.Build.0 = Debug|Any CPU
		{ED90A584-F0B8-4023-A8E7-43C1A03518D0}.Release|Any CPU.ActiveCfg = Release|Any CPU
		{ED90A584-F0B8-4023-A8E7-43C1A03518D0}.Release|Any CPU.Build.0 = Release|Any CPU
		{77340189-7C7B-49EF-A9CB-A5EE5C222F19}.Debug|Any CPU.ActiveCfg = Debug|Any CPU
		{77340189-7C7B-49EF-A9CB-A5EE5C222F19}.Debug|Any CPU.Build.0 = Debug|Any CPU
		{77340189-7C7B-49EF-A9CB-A5EE5C222F19}.Release|Any CPU.ActiveCfg = Release|Any CPU
		{77340189-7C7B-49EF-A9CB-A5EE5C222F19}.Release|Any CPU.Build.0 = Release|Any CPU
		{AB1D1C5C-7DE2-4172-B0BD-386D4697F15B}.Debug|Any CPU.ActiveCfg = Debug|Any CPU
		{AB1D1C5C-7DE2-4172-B0BD-386D4697F15B}.Debug|Any CPU.Build.0 = Debug|Any CPU
		{AB1D1C5C-7DE2-4172-B0BD-386D4697F15B}.Release|Any CPU.ActiveCfg = Release|Any CPU
		{AB1D1C5C-7DE2-4172-B0BD-386D4697F15B}.Release|Any CPU.Build.0 = Release|Any CPU
		{0A7C5F2A-112B-4ED7-B46C-B9562D139981}.Debug|Any CPU.ActiveCfg = Debug|Any CPU
		{0A7C5F2A-112B-4ED7-B46C-B9562D139981}.Debug|Any CPU.Build.0 = Debug|Any CPU
		{0A7C5F2A-112B-4ED7-B46C-B9562D139981}.Release|Any CPU.ActiveCfg = Release|Any CPU
		{0A7C5F2A-112B-4ED7-B46C-B9562D139981}.Release|Any CPU.Build.0 = Release|Any CPU
		{AA150BFC-3A81-54B8-7DA5-16A8315D3FA6}.Debug|Any CPU.ActiveCfg = Debug|Any CPU
		{AA150BFC-3A81-54B8-7DA5-16A8315D3FA6}.Debug|Any CPU.Build.0 = Debug|Any CPU
		{AA150BFC-3A81-54B8-7DA5-16A8315D3FA6}.Release|Any CPU.ActiveCfg = Release|Any CPU
		{AA150BFC-3A81-54B8-7DA5-16A8315D3FA6}.Release|Any CPU.Build.0 = Release|Any CPU
		{FE07451A-A36C-D137-6E1D-DCE89721D5B2}.Debug|Any CPU.ActiveCfg = Debug|Any CPU
		{FE07451A-A36C-D137-6E1D-DCE89721D5B2}.Debug|Any CPU.Build.0 = Debug|Any CPU
		{FE07451A-A36C-D137-6E1D-DCE89721D5B2}.Release|Any CPU.ActiveCfg = Release|Any CPU
		{FE07451A-A36C-D137-6E1D-DCE89721D5B2}.Release|Any CPU.Build.0 = Release|Any CPU
		{6F41DE8C-D44C-7B0C-BA44-EC5179A0E005}.Debug|Any CPU.ActiveCfg = Debug|Any CPU
		{6F41DE8C-D44C-7B0C-BA44-EC5179A0E005}.Debug|Any CPU.Build.0 = Debug|Any CPU
		{6F41DE8C-D44C-7B0C-BA44-EC5179A0E005}.Release|Any CPU.ActiveCfg = Release|Any CPU
		{6F41DE8C-D44C-7B0C-BA44-EC5179A0E005}.Release|Any CPU.Build.0 = Release|Any CPU
	EndGlobalSection
	GlobalSection(SolutionProperties) = preSolution
		HideSolutionNode = FALSE
	EndGlobalSection
	GlobalSection(NestedProjects) = preSolution
		{AA150BFC-3A81-54B8-7DA5-16A8315D3FA6} = {02EA681E-C7D8-13C7-8484-4AC65E1B71E8}
		{FE07451A-A36C-D137-6E1D-DCE89721D5B2} = {02EA681E-C7D8-13C7-8484-4AC65E1B71E8}
		{6F41DE8C-D44C-7B0C-BA44-EC5179A0E005} = {02EA681E-C7D8-13C7-8484-4AC65E1B71E8}
	EndGlobalSection
	GlobalSection(ExtensibilityGlobals) = postSolution
		SolutionGuid = {97F7FDF6-C53A-4DDC-B37D-1DF8AA8F251E}
	EndGlobalSection
EndGlobal
